// !$*UTF8*$!
{
	archiveVersion = 1;
	classes = {
	};
	objectVersion = 46;
	objects = {

/* Begin PBXBuildFile section */
		66A710A919C48ABE00344331 /* Foundation.framework in Frameworks */ = {isa = PBXBuildFile; fileRef = 66A710A819C48ABE00344331 /* Foundation.framework */; };
		66A710AB19C48ABE00344331 /* CoreGraphics.framework in Frameworks */ = {isa = PBXBuildFile; fileRef = 66A710AA19C48ABE00344331 /* CoreGraphics.framework */; };
		66A710AD19C48ABE00344331 /* UIKit.framework in Frameworks */ = {isa = PBXBuildFile; fileRef = 66A710AC19C48ABE00344331 /* UIKit.framework */; };
		66A710B319C48ABE00344331 /* InfoPlist.strings in Resources */ = {isa = PBXBuildFile; fileRef = 66A710B119C48ABE00344331 /* InfoPlist.strings */; };
		66A710B519C48ABE00344331 /* main.m in Sources */ = {isa = PBXBuildFile; fileRef = 66A710B419C48ABE00344331 /* main.m */; };
		66A710B919C48ABE00344331 /* AppDelegate.m in Sources */ = {isa = PBXBuildFile; fileRef = 66A710B819C48ABE00344331 /* AppDelegate.m */; };
		66A710BC19C48ABE00344331 /* Main_iPhone.storyboard in Resources */ = {isa = PBXBuildFile; fileRef = 66A710BA19C48ABE00344331 /* Main_iPhone.storyboard */; };
		66A710BF19C48ABE00344331 /* Main_iPad.storyboard in Resources */ = {isa = PBXBuildFile; fileRef = 66A710BD19C48ABE00344331 /* Main_iPad.storyboard */; };
		66A710C219C48ABE00344331 /* ViewController.m in Sources */ = {isa = PBXBuildFile; fileRef = 66A710C119C48ABE00344331 /* ViewController.m */; };
		66A710C419C48ABE00344331 /* Images.xcassets in Resources */ = {isa = PBXBuildFile; fileRef = 66A710C319C48ABE00344331 /* Images.xcassets */; };
		66A710CB19C48ABE00344331 /* XCTest.framework in Frameworks */ = {isa = PBXBuildFile; fileRef = 66A710CA19C48ABE00344331 /* XCTest.framework */; };
		66A710CC19C48ABE00344331 /* Foundation.framework in Frameworks */ = {isa = PBXBuildFile; fileRef = 66A710A819C48ABE00344331 /* Foundation.framework */; };
		66A710CD19C48ABE00344331 /* UIKit.framework in Frameworks */ = {isa = PBXBuildFile; fileRef = 66A710AC19C48ABE00344331 /* UIKit.framework */; };
		66A710D519C48ABE00344331 /* InfoPlist.strings in Resources */ = {isa = PBXBuildFile; fileRef = 66A710D319C48ABE00344331 /* InfoPlist.strings */; };
		66A710D719C48ABE00344331 /* FirstProductTests.m in Sources */ = {isa = PBXBuildFile; fileRef = 66A710D619C48ABE00344331 /* FirstProductTests.m */; };
/* End PBXBuildFile section */

/* Begin PBXContainerItemProxy section */
		66A710CE19C48ABE00344331 /* PBXContainerItemProxy */ = {
			isa = PBXContainerItemProxy;
			containerPortal = 66A7109D19C48ABE00344331 /* Project object */;
			proxyType = 1;
			remoteGlobalIDString = 66A710A419C48ABE00344331;
			remoteInfo = FirstProduct;
		};
/* End PBXContainerItemProxy section */

/* Begin PBXFileReference section */
		66A710A519C48ABE00344331 /* FirstProduct.app */ = {isa = PBXFileReference; explicitFileType = wrapper.application; includeInIndex = 0; path = FirstProduct.app; sourceTree = BUILT_PRODUCTS_DIR; };
		66A710A819C48ABE00344331 /* Foundation.framework */ = {isa = PBXFileReference; lastKnownFileType = wrapper.framework; name = Foundation.framework; path = System/Library/Frameworks/Foundation.framework; sourceTree = SDKROOT; };
		66A710AA19C48ABE00344331 /* CoreGraphics.framework */ = {isa = PBXFileReference; lastKnownFileType = wrapper.framework; name = CoreGraphics.framework; path = System/Library/Frameworks/CoreGraphics.framework; sourceTree = SDKROOT; };
		66A710AC19C48ABE00344331 /* UIKit.framework */ = {isa = PBXFileReference; lastKnownFileType = wrapper.framework; name = UIKit.framework; path = System/Library/Frameworks/UIKit.framework; sourceTree = SDKROOT; };
		66A710B019C48ABE00344331 /* FirstProduct-Info.plist */ = {isa = PBXFileReference; lastKnownFileType = text.plist.xml; path = "FirstProduct-Info.plist"; sourceTree = "<group>"; };
		66A710B219C48ABE00344331 /* en */ = {isa = PBXFileReference; lastKnownFileType = text.plist.strings; name = en; path = en.lproj/InfoPlist.strings; sourceTree = "<group>"; };
		66A710B419C48ABE00344331 /* main.m */ = {isa = PBXFileReference; lastKnownFileType = sourcecode.c.objc; path = main.m; sourceTree = "<group>"; };
		66A710B619C48ABE00344331 /* FirstProduct-Prefix.pch */ = {isa = PBXFileReference; lastKnownFileType = sourcecode.c.h; path = "FirstProduct-Prefix.pch"; sourceTree = "<group>"; };
		66A710B719C48ABE00344331 /* AppDelegate.h */ = {isa = PBXFileReference; lastKnownFileType = sourcecode.c.h; path = AppDelegate.h; sourceTree = "<group>"; };
		66A710B819C48ABE00344331 /* AppDelegate.m */ = {isa = PBXFileReference; lastKnownFileType = sourcecode.c.objc; path = AppDelegate.m; sourceTree = "<group>"; };
		66A710BB19C48ABE00344331 /* Base */ = {isa = PBXFileReference; lastKnownFileType = file.storyboard; name = Base; path = Base.lproj/Main_iPhone.storyboard; sourceTree = "<group>"; };
		66A710BE19C48ABE00344331 /* Base */ = {isa = PBXFileReference; lastKnownFileType = file.storyboard; name = Base; path = Base.lproj/Main_iPad.storyboard; sourceTree = "<group>"; };
		66A710C019C48ABE00344331 /* ViewController.h */ = {isa = PBXFileReference; lastKnownFileType = sourcecode.c.h; path = ViewController.h; sourceTree = "<group>"; };
		66A710C119C48ABE00344331 /* ViewController.m */ = {isa = PBXFileReference; lastKnownFileType = sourcecode.c.objc; path = ViewController.m; sourceTree = "<group>"; };
		66A710C319C48ABE00344331 /* Images.xcassets */ = {isa = PBXFileReference; lastKnownFileType = folder.assetcatalog; path = Images.xcassets; sourceTree = "<group>"; };
		66A710C919C48ABE00344331 /* FirstProductTests.xctest */ = {isa = PBXFileReference; explicitFileType = wrapper.cfbundle; includeInIndex = 0; path = FirstProductTests.xctest; sourceTree = BUILT_PRODUCTS_DIR; };
		66A710CA19C48ABE00344331 /* XCTest.framework */ = {isa = PBXFileReference; lastKnownFileType = wrapper.framework; name = XCTest.framework; path = Library/Frameworks/XCTest.framework; sourceTree = DEVELOPER_DIR; };
		66A710D219C48ABE00344331 /* FirstProductTests-Info.plist */ = {isa = PBXFileReference; lastKnownFileType = text.plist.xml; path = "FirstProductTests-Info.plist"; sourceTree = "<group>"; };
		66A710D419C48ABE00344331 /* en */ = {isa = PBXFileReference; lastKnownFileType = text.plist.strings; name = en; path = en.lproj/InfoPlist.strings; sourceTree = "<group>"; };
		66A710D619C48ABE00344331 /* FirstProductTests.m */ = {isa = PBXFileReference; lastKnownFileType = sourcecode.c.objc; path = FirstProductTests.m; sourceTree = "<group>"; };
/* End PBXFileReference section */

/* Begin PBXFrameworksBuildPhase section */
		66A710A219C48ABE00344331 /* Frameworks */ = {
			isa = PBXFrameworksBuildPhase;
			buildActionMask = 2147483647;
			files = (
				66A710AB19C48ABE00344331 /* CoreGraphics.framework in Frameworks */,
				66A710AD19C48ABE00344331 /* UIKit.framework in Frameworks */,
				66A710A919C48ABE00344331 /* Foundation.framework in Frameworks */,
			);
			runOnlyForDeploymentPostprocessing = 0;
		};
		66A710C619C48ABE00344331 /* Frameworks */ = {
			isa = PBXFrameworksBuildPhase;
			buildActionMask = 2147483647;
			files = (
				66A710CB19C48ABE00344331 /* XCTest.framework in Frameworks */,
				66A710CD19C48ABE00344331 /* UIKit.framework in Frameworks */,
				66A710CC19C48ABE00344331 /* Foundation.framework in Frameworks */,
			);
			runOnlyForDeploymentPostprocessing = 0;
		};
/* End PBXFrameworksBuildPhase section */

/* Begin PBXGroup section */
		66A7109C19C48ABE00344331 = {
			isa = PBXGroup;
			children = (
				66A710AE19C48ABE00344331 /* FirstProduct */,
				66A710D019C48ABE00344331 /* FirstProductTests */,
				66A710A719C48ABE00344331 /* Frameworks */,
				66A710A619C48ABE00344331 /* Products */,
			);
			sourceTree = "<group>";
		};
		66A710A619C48ABE00344331 /* Products */ = {
			isa = PBXGroup;
			children = (
				66A710A519C48ABE00344331 /* FirstProduct.app */,
				66A710C919C48ABE00344331 /* FirstProductTests.xctest */,
			);
			name = Products;
			sourceTree = "<group>";
		};
		66A710A719C48ABE00344331 /* Frameworks */ = {
			isa = PBXGroup;
			children = (
				66A710A819C48ABE00344331 /* Foundation.framework */,
				66A710AA19C48ABE00344331 /* CoreGraphics.framework */,
				66A710AC19C48ABE00344331 /* UIKit.framework */,
				66A710CA19C48ABE00344331 /* XCTest.framework */,
			);
			name = Frameworks;
			sourceTree = "<group>";
		};
		66A710AE19C48ABE00344331 /* FirstProduct */ = {
			isa = PBXGroup;
			children = (
				66A710B719C48ABE00344331 /* AppDelegate.h */,
				66A710B819C48ABE00344331 /* AppDelegate.m */,
				66A710BA19C48ABE00344331 /* Main_iPhone.storyboard */,
				66A710BD19C48ABE00344331 /* Main_iPad.storyboard */,
				66A710C019C48ABE00344331 /* ViewController.h */,
				66A710C119C48ABE00344331 /* ViewController.m */,
				66A710C319C48ABE00344331 /* Images.xcassets */,
				66A710AF19C48ABE00344331 /* Supporting Files */,
			);
			path = FirstProduct;
			sourceTree = "<group>";
		};
		66A710AF19C48ABE00344331 /* Supporting Files */ = {
			isa = PBXGroup;
			children = (
				66A710B019C48ABE00344331 /* FirstProduct-Info.plist */,
				66A710B119C48ABE00344331 /* InfoPlist.strings */,
				66A710B419C48ABE00344331 /* main.m */,
				66A710B619C48ABE00344331 /* FirstProduct-Prefix.pch */,
			);
			name = "Supporting Files";
			sourceTree = "<group>";
		};
		66A710D019C48ABE00344331 /* FirstProductTests */ = {
			isa = PBXGroup;
			children = (
				66A710D619C48ABE00344331 /* FirstProductTests.m */,
				66A710D119C48ABE00344331 /* Supporting Files */,
			);
			path = FirstProductTests;
			sourceTree = "<group>";
		};
		66A710D119C48ABE00344331 /* Supporting Files */ = {
			isa = PBXGroup;
			children = (
				66A710D219C48ABE00344331 /* FirstProductTests-Info.plist */,
				66A710D319C48ABE00344331 /* InfoPlist.strings */,
			);
			name = "Supporting Files";
			sourceTree = "<group>";
		};
/* End PBXGroup section */

/* Begin PBXNativeTarget section */
		66A710A419C48ABE00344331 /* FirstProduct */ = {
			isa = PBXNativeTarget;
			buildConfigurationList = 66A710DA19C48ABE00344331 /* Build configuration list for PBXNativeTarget "FirstProduct" */;
			buildPhases = (
				66A710A119C48ABE00344331 /* Sources */,
				66A710A219C48ABE00344331 /* Frameworks */,
				66A710A319C48ABE00344331 /* Resources */,
			);
			buildRules = (
			);
			dependencies = (
			);
			name = FirstProduct;
			productName = FirstProduct;
			productReference = 66A710A519C48ABE00344331 /* FirstProduct.app */;
			productType = "com.apple.product-type.application";
		};
		66A710C819C48ABE00344331 /* FirstProductTests */ = {
			isa = PBXNativeTarget;
			buildConfigurationList = 66A710DD19C48ABE00344331 /* Build configuration list for PBXNativeTarget "FirstProductTests" */;
			buildPhases = (
				66A710C519C48ABE00344331 /* Sources */,
				66A710C619C48ABE00344331 /* Frameworks */,
				66A710C719C48ABE00344331 /* Resources */,
			);
			buildRules = (
			);
			dependencies = (
				66A710CF19C48ABE00344331 /* PBXTargetDependency */,
			);
			name = FirstProductTests;
			productName = FirstProductTests;
			productReference = 66A710C919C48ABE00344331 /* FirstProductTests.xctest */;
			productType = "com.apple.product-type.bundle.unit-test";
		};
/* End PBXNativeTarget section */

/* Begin PBXProject section */
		66A7109D19C48ABE00344331 /* Project object */ = {
			isa = PBXProject;
			attributes = {
				LastUpgradeCheck = 0510;
				ORGANIZATIONNAME = Tossapon;
				TargetAttributes = {
					66A710C819C48ABE00344331 = {
						TestTargetID = 66A710A419C48ABE00344331;
					};
				};
			};
			buildConfigurationList = 66A710A019C48ABE00344331 /* Build configuration list for PBXProject "FirstProduct" */;
			compatibilityVersion = "Xcode 3.2";
			developmentRegion = English;
			hasScannedForEncodings = 0;
			knownRegions = (
				en,
				Base,
			);
			mainGroup = 66A7109C19C48ABE00344331;
			productRefGroup = 66A710A619C48ABE00344331 /* Products */;
			projectDirPath = "";
			projectRoot = "";
			targets = (
				66A710A419C48ABE00344331 /* FirstProduct */,
				66A710C819C48ABE00344331 /* FirstProductTests */,
			);
		};
/* End PBXProject section */

/* Begin PBXResourcesBuildPhase section */
		66A710A319C48ABE00344331 /* Resources */ = {
			isa = PBXResourcesBuildPhase;
			buildActionMask = 2147483647;
			files = (
				66A710BF19C48ABE00344331 /* Main_iPad.storyboard in Resources */,
				66A710C419C48ABE00344331 /* Images.xcassets in Resources */,
				66A710BC19C48ABE00344331 /* Main_iPhone.storyboard in Resources */,
				66A710B319C48ABE00344331 /* InfoPlist.strings in Resources */,
			);
			runOnlyForDeploymentPostprocessing = 0;
		};
		66A710C719C48ABE00344331 /* Resources */ = {
			isa = PBXResourcesBuildPhase;
			buildActionMask = 2147483647;
			files = (
				66A710D519C48ABE00344331 /* InfoPlist.strings in Resources */,
			);
			runOnlyForDeploymentPostprocessing = 0;
		};
/* End PBXResourcesBuildPhase section */

/* Begin PBXSourcesBuildPhase section */
		66A710A119C48ABE00344331 /* Sources */ = {
			isa = PBXSourcesBuildPhase;
			buildActionMask = 2147483647;
			files = (
				66A710C219C48ABE00344331 /* ViewController.m in Sources */,
				66A710B919C48ABE00344331 /* AppDelegate.m in Sources */,
				66A710B519C48ABE00344331 /* main.m in Sources */,
			);
			runOnlyForDeploymentPostprocessing = 0;
		};
		66A710C519C48ABE00344331 /* Sources */ = {
			isa = PBXSourcesBuildPhase;
			buildActionMask = 2147483647;
			files = (
				66A710D719C48ABE00344331 /* FirstProductTests.m in Sources */,
			);
			runOnlyForDeploymentPostprocessing = 0;
		};
/* End PBXSourcesBuildPhase section */

/* Begin PBXTargetDependency section */
		66A710CF19C48ABE00344331 /* PBXTargetDependency */ = {
			isa = PBXTargetDependency;
			target = 66A710A419C48ABE00344331 /* FirstProduct */;
			targetProxy = 66A710CE19C48ABE00344331 /* PBXContainerItemProxy */;
		};
/* End PBXTargetDependency section */

/* Begin PBXVariantGroup section */
		66A710B119C48ABE00344331 /* InfoPlist.strings */ = {
			isa = PBXVariantGroup;
			children = (
				66A710B219C48ABE00344331 /* en */,
			);
			name = InfoPlist.strings;
			sourceTree = "<group>";
		};
		66A710BA19C48ABE00344331 /* Main_iPhone.storyboard */ = {
			isa = PBXVariantGroup;
			children = (
				66A710BB19C48ABE00344331 /* Base */,
			);
			name = Main_iPhone.storyboard;
			sourceTree = "<group>";
		};
		66A710BD19C48ABE00344331 /* Main_iPad.storyboard */ = {
			isa = PBXVariantGroup;
			children = (
				66A710BE19C48ABE00344331 /* Base */,
			);
			name = Main_iPad.storyboard;
			sourceTree = "<group>";
		};
		66A710D319C48ABE00344331 /* InfoPlist.strings */ = {
			isa = PBXVariantGroup;
			children = (
				66A710D419C48ABE00344331 /* en */,
			);
			name = InfoPlist.strings;
			sourceTree = "<group>";
		};
/* End PBXVariantGroup section */

/* Begin XCBuildConfiguration section */
		66A710D819C48ABE00344331 /* Debug */ = {
			isa = XCBuildConfiguration;
			buildSettings = {
				ALWAYS_SEARCH_USER_PATHS = NO;
				CLANG_CXX_LANGUAGE_STANDARD = "gnu++0x";
				CLANG_CXX_LIBRARY = "libc++";
				CLANG_ENABLE_MODULES = YES;
				CLANG_ENABLE_OBJC_ARC = YES;
				CLANG_WARN_BOOL_CONVERSION = YES;
				CLANG_WARN_CONSTANT_CONVERSION = YES;
				CLANG_WARN_DIRECT_OBJC_ISA_USAGE = YES_ERROR;
				CLANG_WARN_EMPTY_BODY = YES;
				CLANG_WARN_ENUM_CONVERSION = YES;
				CLANG_WARN_INT_CONVERSION = YES;
				CLANG_WARN_OBJC_ROOT_CLASS = YES_ERROR;
				CLANG_WARN__DUPLICATE_METHOD_MATCH = YES;
				"CODE_SIGN_IDENTITY[sdk=iphoneos*]" = "iPhone Developer";
				COPY_PHASE_STRIP = NO;
				GCC_C_LANGUAGE_STANDARD = gnu99;
				GCC_DYNAMIC_NO_PIC = NO;
				GCC_OPTIMIZATION_LEVEL = 0;
				GCC_PREPROCESSOR_DEFINITIONS = (
					"DEBUG=1",
					"$(inherited)",
				);
				GCC_SYMBOLS_PRIVATE_EXTERN = NO;
				GCC_WARN_64_TO_32_BIT_CONVERSION = YES;
				GCC_WARN_ABOUT_RETURN_TYPE = YES_ERROR;
				GCC_WARN_UNDECLARED_SELECTOR = YES;
				GCC_WARN_UNINITIALIZED_AUTOS = YES_AGGRESSIVE;
				GCC_WARN_UNUSED_FUNCTION = YES;
				GCC_WARN_UNUSED_VARIABLE = YES;
				IPHONEOS_DEPLOYMENT_TARGET = 7.1;
				ONLY_ACTIVE_ARCH = YES;
				SDKROOT = iphoneos;
				TARGETED_DEVICE_FAMILY = "1,2";
			};
			name = Debug;
		};
		66A710D919C48ABE00344331 /* Release */ = {
			isa = XCBuildConfiguration;
			buildSettings = {
				ALWAYS_SEARCH_USER_PATHS = NO;
				CLANG_CXX_LANGUAGE_STANDARD = "gnu++0x";
				CLANG_CXX_LIBRARY = "libc++";
				CLANG_ENABLE_MODULES = YES;
				CLANG_ENABLE_OBJC_ARC = YES;
				CLANG_WARN_BOOL_CONVERSION = YES;
				CLANG_WARN_CONSTANT_CONVERSION = YES;
				CLANG_WARN_DIRECT_OBJC_ISA_USAGE = YES_ERROR;
				CLANG_WARN_EMPTY_BODY = YES;
				CLANG_WARN_ENUM_CONVERSION = YES;
				CLANG_WARN_INT_CONVERSION = YES;
				CLANG_WARN_OBJC_ROOT_CLASS = YES_ERROR;
				CLANG_WARN__DUPLICATE_METHOD_MATCH = YES;
				"CODE_SIGN_IDENTITY[sdk=iphoneos*]" = "iPhone Developer";
				COPY_PHASE_STRIP = YES;
				ENABLE_NS_ASSERTIONS = NO;
				GCC_C_LANGUAGE_STANDARD = gnu99;
				GCC_WARN_64_TO_32_BIT_CONVERSION = YES;
				GCC_WARN_ABOUT_RETURN_TYPE = YES_ERROR;
				GCC_WARN_UNDECLARED_SELECTOR = YES;
				GCC_WARN_UNINITIALIZED_AUTOS = YES_AGGRESSIVE;
				GCC_WARN_UNUSED_FUNCTION = YES;
				GCC_WARN_UNUSED_VARIABLE = YES;
				IPHONEOS_DEPLOYMENT_TARGET = 7.1;
				SDKROOT = iphoneos;
				TARGETED_DEVICE_FAMILY = "1,2";
				VALIDATE_PRODUCT = YES;
			};
			name = Release;
		};
		66A710DB19C48ABE00344331 /* Debug */ = {
			isa = XCBuildConfiguration;
			buildSettings = {
				ASSETCATALOG_COMPILER_APPICON_NAME = AppIcon;
				ASSETCATALOG_COMPILER_LAUNCHIMAGE_NAME = LaunchImage;
				GCC_PRECOMPILE_PREFIX_HEADER = YES;
				GCC_PREFIX_HEADER = "FirstProduct/FirstProduct-Prefix.pch";
				INFOPLIST_FILE = "FirstProduct/FirstProduct-Info.plist";
				PRODUCT_NAME = "$(TARGET_NAME)";
				WRAPPER_EXTENSION = app;
			};
			name = Debug;
		};
		66A710DC19C48ABE00344331 /* Release */ = {
			isa = XCBuildConfiguration;
			buildSettings = {
				ASSETCATALOG_COMPILER_APPICON_NAME = AppIcon;
				ASSETCATALOG_COMPILER_LAUNCHIMAGE_NAME = LaunchImage;
				GCC_PRECOMPILE_PREFIX_HEADER = YES;
				GCC_PREFIX_HEADER = "FirstProduct/FirstProduct-Prefix.pch";
				INFOPLIST_FILE = "FirstProduct/FirstProduct-Info.plist";
				PRODUCT_NAME = "$(TARGET_NAME)";
				WRAPPER_EXTENSION = app;
			};
			name = Release;
		};
		66A710DE19C48ABE00344331 /* Debug */ = {
			isa = XCBuildConfiguration;
			buildSettings = {
				BUNDLE_LOADER = "$(BUILT_PRODUCTS_DIR)/FirstProduct.app/FirstProduct";
				FRAMEWORK_SEARCH_PATHS = (
					"$(SDKROOT)/Developer/Library/Frameworks",
					"$(inherited)",
					"$(DEVELOPER_FRAMEWORKS_DIR)",
				);
				GCC_PRECOMPILE_PREFIX_HEADER = YES;
				GCC_PREFIX_HEADER = "FirstProduct/FirstProduct-Prefix.pch";
				GCC_PREPROCESSOR_DEFINITIONS = (
					"DEBUG=1",
					"$(inherited)",
				);
				INFOPLIST_FILE = "FirstProductTests/FirstProductTests-Info.plist";
				PRODUCT_NAME = "$(TARGET_NAME)";
				TEST_HOST = "$(BUNDLE_LOADER)";
				WRAPPER_EXTENSION = xctest;
			};
			name = Debug;
		};
		66A710DF19C48ABE00344331 /* Release */ = {
			isa = XCBuildConfiguration;
			buildSettings = {
				BUNDLE_LOADER = "$(BUILT_PRODUCTS_DIR)/FirstProduct.app/FirstProduct";
				FRAMEWORK_SEARCH_PATHS = (
					"$(SDKROOT)/Developer/Library/Frameworks",
					"$(inherited)",
					"$(DEVELOPER_FRAMEWORKS_DIR)",
				);
				GCC_PRECOMPILE_PREFIX_HEADER = YES;
				GCC_PREFIX_HEADER = "FirstProduct/FirstProduct-Prefix.pch";
				INFOPLIST_FILE = "FirstProductTests/FirstProductTests-Info.plist";
				PRODUCT_NAME = "$(TARGET_NAME)";
				TEST_HOST = "$(BUNDLE_LOADER)";
				WRAPPER_EXTENSION = xctest;
			};
			name = Release;
		};
/* End XCBuildConfiguration section */

/* Begin XCConfigurationList section */
		66A710A019C48ABE00344331 /* Build configuration list for PBXProject "FirstProduct" */ = {
			isa = XCConfigurationList;
			buildConfigurations = (
				66A710D819C48ABE00344331 /* Debug */,
				66A710D919C48ABE00344331 /* Release */,
			);
			defaultConfigurationIsVisible = 0;
			defaultConfigurationName = Release;
		};
		66A710DA19C48ABE00344331 /* Build configuration list for PBXNativeTarget "FirstProduct" */ = {
			isa = XCConfigurationList;
			buildConfigurations = (
				66A710DB19C48ABE00344331 /* Debug */,
				66A710DC19C48ABE00344331 /* Release */,
			);
			defaultConfigurationIsVisible = 0;
		};
		66A710DD19C48ABE00344331 /* Build configuration list for PBXNativeTarget "FirstProductTests" */ = {
			isa = XCConfigurationList;
			buildConfigurations = (
				66A710DE19C48ABE00344331 /* Debug */,
				66A710DF19C48ABE00344331 /* Release */,
			);
			defaultConfigurationIsVisible = 0;
		};
/* End XCConfigurationList section */
	};
	rootObject = 66A7109D19C48ABE00344331 /* Project object */;
}
